# THIS IS AN AUTOGENERATED FILE. DO NOT EDIT THIS FILE DIRECTLY.
# yarn lockfile v1


redux@^5.0.0:
  version "5.0.0"
  resolved "https://registry.yarnpkg.com/redux/-/redux-5.0.0.tgz#29572e29a439e094ff8fec46883fc45053f6736d"
  integrity sha512-blLIYmYetpZMET6Q6uCY7Jtl/Im5OBldy+vNPauA8vvsdqyt66oep4EUpAMWNHauTC6xa9JuRPhRB72rY82QGA==
